// !$*UTF8*$!
{
	archiveVersion = 1;
	classes = {
	};
	objectVersion = 52;
	objects = {

/* Begin PBXBuildFile section */
		631B99FD26CF16EE00D72DCA /* SwURL in Frameworks */ = {isa = PBXBuildFile; productRef = 631B99FC26CF16EE00D72DCA /* SwURL */; };
		631B9A0126D00CBB00D72DCA /* CocktailList.swift in Sources */ = {isa = PBXBuildFile; fileRef = 631B9A0026D00CBB00D72DCA /* CocktailList.swift */; };
		631B9A0326D0130400D72DCA /* CocktailDetail.swift in Sources */ = {isa = PBXBuildFile; fileRef = 631B9A0226D0130400D72DCA /* CocktailDetail.swift */; };
		631B9A0526D0214200D72DCA /* RequestData.swift in Sources */ = {isa = PBXBuildFile; fileRef = 631B9A0426D0214200D72DCA /* RequestData.swift */; };
		631B9A0B26D137C100D72DCA /* CocktailTabView.swift in Sources */ = {isa = PBXBuildFile; fileRef = 631B9A0A26D137C100D72DCA /* CocktailTabView.swift */; };
		6372E36D26CE78CB003CC2AC /* CocktailsApp.swift in Sources */ = {isa = PBXBuildFile; fileRef = 6372E36C26CE78CB003CC2AC /* CocktailsApp.swift */; };
		6372E36F26CE78CB003CC2AC /* ContentView.swift in Sources */ = {isa = PBXBuildFile; fileRef = 6372E36E26CE78CB003CC2AC /* ContentView.swift */; };
		6372E37126CE78CC003CC2AC /* Assets.xcassets in Resources */ = {isa = PBXBuildFile; fileRef = 6372E37026CE78CC003CC2AC /* Assets.xcassets */; };
		6372E37426CE78CC003CC2AC /* Preview Assets.xcassets in Resources */ = {isa = PBXBuildFile; fileRef = 6372E37326CE78CC003CC2AC /* Preview Assets.xcassets */; };
		6372E37E26CE8345003CC2AC /* CocktailImage.swift in Sources */ = {isa = PBXBuildFile; fileRef = 6372E37D26CE8345003CC2AC /* CocktailImage.swift */; };
		6372E38026CEADED003CC2AC /* cocktailData.json in Resources */ = {isa = PBXBuildFile; fileRef = 6372E37F26CEADED003CC2AC /* cocktailData.json */; };
		6372E38226CEAE15003CC2AC /* Cocktail.swift in Sources */ = {isa = PBXBuildFile; fileRef = 6372E38126CEAE15003CC2AC /* Cocktail.swift */; };
		6372E38426CEB203003CC2AC /* ModelData.swift in Sources */ = {isa = PBXBuildFile; fileRef = 6372E38326CEB203003CC2AC /* ModelData.swift */; };
		6372E38926CEB313003CC2AC /* CocktailRow.swift in Sources */ = {isa = PBXBuildFile; fileRef = 6372E38826CEB313003CC2AC /* CocktailRow.swift */; };
/* End PBXBuildFile section */

/* Begin PBXFileReference section */
		631B9A0026D00CBB00D72DCA /* CocktailList.swift */ = {isa = PBXFileReference; lastKnownFileType = sourcecode.swift; path = CocktailList.swift; sourceTree = "<group>"; };
		631B9A0226D0130400D72DCA /* CocktailDetail.swift */ = {isa = PBXFileReference; lastKnownFileType = sourcecode.swift; path = CocktailDetail.swift; sourceTree = "<group>"; };
		631B9A0426D0214200D72DCA /* RequestData.swift */ = {isa = PBXFileReference; lastKnownFileType = sourcecode.swift; path = RequestData.swift; sourceTree = "<group>"; };
		631B9A0A26D137C100D72DCA /* CocktailTabView.swift */ = {isa = PBXFileReference; lastKnownFileType = sourcecode.swift; path = CocktailTabView.swift; sourceTree = "<group>"; };
		6372E36926CE78CB003CC2AC /* Cocktails.app */ = {isa = PBXFileReference; explicitFileType = wrapper.application; includeInIndex = 0; path = Cocktails.app; sourceTree = BUILT_PRODUCTS_DIR; };
		6372E36C26CE78CB003CC2AC /* CocktailsApp.swift */ = {isa = PBXFileReference; lastKnownFileType = sourcecode.swift; path = CocktailsApp.swift; sourceTree = "<group>"; };
		6372E36E26CE78CB003CC2AC /* ContentView.swift */ = {isa = PBXFileReference; lastKnownFileType = sourcecode.swift; path = ContentView.swift; sourceTree = "<group>"; };
		6372E37026CE78CC003CC2AC /* Assets.xcassets */ = {isa = PBXFileReference; lastKnownFileType = folder.assetcatalog; path = Assets.xcassets; sourceTree = "<group>"; };
		6372E37326CE78CC003CC2AC /* Preview Assets.xcassets */ = {isa = PBXFileReference; lastKnownFileType = folder.assetcatalog; path = "Preview Assets.xcassets"; sourceTree = "<group>"; };
		6372E37526CE78CC003CC2AC /* Info.plist */ = {isa = PBXFileReference; lastKnownFileType = text.plist.xml; path = Info.plist; sourceTree = "<group>"; };
		6372E37D26CE8345003CC2AC /* CocktailImage.swift */ = {isa = PBXFileReference; lastKnownFileType = sourcecode.swift; path = CocktailImage.swift; sourceTree = "<group>"; };
		6372E37F26CEADED003CC2AC /* cocktailData.json */ = {isa = PBXFileReference; fileEncoding = 4; lastKnownFileType = text.json; path = cocktailData.json; sourceTree = "<group>"; };
		6372E38126CEAE15003CC2AC /* Cocktail.swift */ = {isa = PBXFileReference; lastKnownFileType = sourcecode.swift; path = Cocktail.swift; sourceTree = "<group>"; };
		6372E38326CEB203003CC2AC /* ModelData.swift */ = {isa = PBXFileReference; lastKnownFileType = sourcecode.swift; path = ModelData.swift; sourceTree = "<group>"; };
		6372E38826CEB313003CC2AC /* CocktailRow.swift */ = {isa = PBXFileReference; lastKnownFileType = sourcecode.swift; path = CocktailRow.swift; sourceTree = "<group>"; };
/* End PBXFileReference section */

/* Begin PBXFrameworksBuildPhase section */
		6372E36626CE78CB003CC2AC /* Frameworks */ = {
			isa = PBXFrameworksBuildPhase;
			buildActionMask = 2147483647;
			files = (
				631B99FD26CF16EE00D72DCA /* SwURL in Frameworks */,
			);
			runOnlyForDeploymentPostprocessing = 0;
		};
/* End PBXFrameworksBuildPhase section */

/* Begin PBXGroup section */
		632709A026CEC8BC003228FA /* Extensions */ = {
			isa = PBXGroup;
			children = (
			);
			path = Extensions;
			sourceTree = "<group>";
		};
		6372E36026CE78CB003CC2AC = {
			isa = PBXGroup;
			children = (
				6372E36B26CE78CB003CC2AC /* Cocktails */,
				6372E36A26CE78CB003CC2AC /* Products */,
			);
			sourceTree = "<group>";
		};
		6372E36A26CE78CB003CC2AC /* Products */ = {
			isa = PBXGroup;
			children = (
				6372E36926CE78CB003CC2AC /* Cocktails.app */,
			);
			name = Products;
			sourceTree = "<group>";
		};
		6372E36B26CE78CB003CC2AC /* Cocktails */ = {
			isa = PBXGroup;
			children = (
				6372E36C26CE78CB003CC2AC /* CocktailsApp.swift */,
				632709A026CEC8BC003228FA /* Extensions */,
				6372E38726CEB2BC003CC2AC /* Resources */,
				6372E38626CEB297003CC2AC /* Model */,
				6372E38526CEB27D003CC2AC /* Views */,
				6372E37026CE78CC003CC2AC /* Assets.xcassets */,
				6372E37526CE78CC003CC2AC /* Info.plist */,
				6372E37226CE78CC003CC2AC /* Preview Content */,
			);
			path = Cocktails;
			sourceTree = "<group>";
		};
		6372E37226CE78CC003CC2AC /* Preview Content */ = {
			isa = PBXGroup;
			children = (
				6372E37326CE78CC003CC2AC /* Preview Assets.xcassets */,
			);
			path = "Preview Content";
			sourceTree = "<group>";
		};
		6372E38526CEB27D003CC2AC /* Views */ = {
			isa = PBXGroup;
			children = (
				6372E36E26CE78CB003CC2AC /* ContentView.swift */,
				6372E38826CEB313003CC2AC /* CocktailRow.swift */,
				631B9A0026D00CBB00D72DCA /* CocktailList.swift */,
				6372E37D26CE8345003CC2AC /* CocktailImage.swift */,
				631B9A0226D0130400D72DCA /* CocktailDetail.swift */,
				631B9A0A26D137C100D72DCA /* CocktailTabView.swift */,
			);
			path = Views;
			sourceTree = "<group>";
		};
		6372E38626CEB297003CC2AC /* Model */ = {
			isa = PBXGroup;
			children = (
				6372E38326CEB203003CC2AC /* ModelData.swift */,
				6372E38126CEAE15003CC2AC /* Cocktail.swift */,
				631B9A0426D0214200D72DCA /* RequestData.swift */,
			);
			path = Model;
			sourceTree = "<group>";
		};
		6372E38726CEB2BC003CC2AC /* Resources */ = {
			isa = PBXGroup;
			children = (
				6372E37F26CEADED003CC2AC /* cocktailData.json */,
			);
			path = Resources;
			sourceTree = "<group>";
		};
/* End PBXGroup section */

/* Begin PBXNativeTarget section */
		6372E36826CE78CB003CC2AC /* Cocktails */ = {
			isa = PBXNativeTarget;
			buildConfigurationList = 6372E37826CE78CC003CC2AC /* Build configuration list for PBXNativeTarget "Cocktails" */;
			buildPhases = (
				6372E36526CE78CB003CC2AC /* Sources */,
				6372E36626CE78CB003CC2AC /* Frameworks */,
				6372E36726CE78CB003CC2AC /* Resources */,
			);
			buildRules = (
			);
			dependencies = (
			);
			name = Cocktails;
			packageProductDependencies = (
				631B99FC26CF16EE00D72DCA /* SwURL */,
			);
			productName = Cocktails;
			productReference = 6372E36926CE78CB003CC2AC /* Cocktails.app */;
			productType = "com.apple.product-type.application";
		};
/* End PBXNativeTarget section */

/* Begin PBXProject section */
		6372E36126CE78CB003CC2AC /* Project object */ = {
			isa = PBXProject;
			attributes = {
				LastSwiftUpdateCheck = 1250;
				LastUpgradeCheck = 1250;
				TargetAttributes = {
					6372E36826CE78CB003CC2AC = {
						CreatedOnToolsVersion = 12.5.1;
					};
				};
			};
			buildConfigurationList = 6372E36426CE78CB003CC2AC /* Build configuration list for PBXProject "Cocktails" */;
			compatibilityVersion = "Xcode 9.3";
			developmentRegion = en;
			hasScannedForEncodings = 0;
			knownRegions = (
				en,
				Base,
			);
			mainGroup = 6372E36026CE78CB003CC2AC;
			packageReferences = (
				631B99FB26CF16EE00D72DCA /* XCRemoteSwiftPackageReference "SwURL" */,
			);
			productRefGroup = 6372E36A26CE78CB003CC2AC /* Products */;
			projectDirPath = "";
			projectRoot = "";
			targets = (
				6372E36826CE78CB003CC2AC /* Cocktails */,
			);
		};
/* End PBXProject section */

/* Begin PBXResourcesBuildPhase section */
		6372E36726CE78CB003CC2AC /* Resources */ = {
			isa = PBXResourcesBuildPhase;
			buildActionMask = 2147483647;
			files = (
				6372E37426CE78CC003CC2AC /* Preview Assets.xcassets in Resources */,
				6372E38026CEADED003CC2AC /* cocktailData.json in Resources */,
				6372E37126CE78CC003CC2AC /* Assets.xcassets in Resources */,
			);
			runOnlyForDeploymentPostprocessing = 0;
		};
/* End PBXResourcesBuildPhase section */

/* Begin PBXSourcesBuildPhase section */
		6372E36526CE78CB003CC2AC /* Sources */ = {
			isa = PBXSourcesBuildPhase;
			buildActionMask = 2147483647;
			files = (
				6372E37E26CE8345003CC2AC /* CocktailImage.swift in Sources */,
				631B9A0126D00CBB00D72DCA /* CocktailList.swift in Sources */,
				631B9A0B26D137C100D72DCA /* CocktailTabView.swift in Sources */,
				6372E36F26CE78CB003CC2AC /* ContentView.swift in Sources */,
				6372E38426CEB203003CC2AC /* ModelData.swift in Sources */,
				631B9A0326D0130400D72DCA /* CocktailDetail.swift in Sources */,
				6372E36D26CE78CB003CC2AC /* CocktailsApp.swift in Sources */,
				631B9A0526D0214200D72DCA /* RequestData.swift in Sources */,
				6372E38926CEB313003CC2AC /* CocktailRow.swift in Sources */,
				6372E38226CEAE15003CC2AC /* Cocktail.swift in Sources */,
			);
			runOnlyForDeploymentPostprocessing = 0;
		};
/* End PBXSourcesBuildPhase section */

/* Begin XCBuildConfiguration section */
		6372E37626CE78CC003CC2AC /* Debug */ = {
			isa = XCBuildConfiguration;
			buildSettings = {
				ALWAYS_SEARCH_USER_PATHS = NO;
				CLANG_ANALYZER_NONNULL = YES;
				CLANG_ANALYZER_NUMBER_OBJECT_CONVERSION = YES_AGGRESSIVE;
				CLANG_CXX_LANGUAGE_STANDARD = "gnu++14";
				CLANG_CXX_LIBRARY = "libc++";
				CLANG_ENABLE_MODULES = YES;
				CLANG_ENABLE_OBJC_ARC = YES;
				CLANG_ENABLE_OBJC_WEAK = YES;
				CLANG_WARN_BLOCK_CAPTURE_AUTORELEASING = YES;
				CLANG_WARN_BOOL_CONVERSION = YES;
				CLANG_WARN_COMMA = YES;
				CLANG_WARN_CONSTANT_CONVERSION = YES;
				CLANG_WARN_DEPRECATED_OBJC_IMPLEMENTATIONS = YES;
				CLANG_WARN_DIRECT_OBJC_ISA_USAGE = YES_ERROR;
				CLANG_WARN_DOCUMENTATION_COMMENTS = YES;
				CLANG_WARN_EMPTY_BODY = YES;
				CLANG_WARN_ENUM_CONVERSION = YES;
				CLANG_WARN_INFINITE_RECURSION = YES;
				CLANG_WARN_INT_CONVERSION = YES;
				CLANG_WARN_NON_LITERAL_NULL_CONVERSION = YES;
				CLANG_WARN_OBJC_IMPLICIT_RETAIN_SELF = YES;
				CLANG_WARN_OBJC_LITERAL_CONVERSION = YES;
				CLANG_WARN_OBJC_ROOT_CLASS = YES_ERROR;
				CLANG_WARN_QUOTED_INCLUDE_IN_FRAMEWORK_HEADER = YES;
				CLANG_WARN_RANGE_LOOP_ANALYSIS = YES;
				CLANG_WARN_STRICT_PROTOTYPES = YES;
				CLANG_WARN_SUSPICIOUS_MOVE = YES;
				CLANG_WARN_UNGUARDED_AVAILABILITY = YES_AGGRESSIVE;
				CLANG_WARN_UNREACHABLE_CODE = YES;
				CLANG_WARN__DUPLICATE_METHOD_MATCH = YES;
				COPY_PHASE_STRIP = NO;
				DEBUG_INFORMATION_FORMAT = dwarf;
				ENABLE_STRICT_OBJC_MSGSEND = YES;
				ENABLE_TESTABILITY = YES;
				GCC_C_LANGUAGE_STANDARD = gnu11;
				GCC_DYNAMIC_NO_PIC = NO;
				GCC_NO_COMMON_BLOCKS = YES;
				GCC_OPTIMIZATION_LEVEL = 0;
				GCC_PREPROCESSOR_DEFINITIONS = (
					"DEBUG=1",
					"$(inherited)",
				);
				GCC_WARN_64_TO_32_BIT_CONVERSION = YES;
				GCC_WARN_ABOUT_RETURN_TYPE = YES_ERROR;
				GCC_WARN_UNDECLARED_SELECTOR = YES;
				GCC_WARN_UNINITIALIZED_AUTOS = YES_AGGRESSIVE;
				GCC_WARN_UNUSED_FUNCTION = YES;
				GCC_WARN_UNUSED_VARIABLE = YES;
				IPHONEOS_DEPLOYMENT_TARGET = 14.5;
				MTL_ENABLE_DEBUG_INFO = INCLUDE_SOURCE;
				MTL_FAST_MATH = YES;
				ONLY_ACTIVE_ARCH = YES;
				SDKROOT = iphoneos;
				SWIFT_ACTIVE_COMPILATION_CONDITIONS = DEBUG;
				SWIFT_OPTIMIZATION_LEVEL = "-Onone";
			};
			name = Debug;
		};
		6372E37726CE78CC003CC2AC /* Release */ = {
			isa = XCBuildConfiguration;
			buildSettings = {
				ALWAYS_SEARCH_USER_PATHS = NO;
				CLANG_ANALYZER_NONNULL = YES;
				CLANG_ANALYZER_NUMBER_OBJECT_CONVERSION = YES_AGGRESSIVE;
				CLANG_CXX_LANGUAGE_STANDARD = "gnu++14";
				CLANG_CXX_LIBRARY = "libc++";
				CLANG_ENABLE_MODULES = YES;
				CLANG_ENABLE_OBJC_ARC = YES;
				CLANG_ENABLE_OBJC_WEAK = YES;
				CLANG_WARN_BLOCK_CAPTURE_AUTORELEASING = YES;
				CLANG_WARN_BOOL_CONVERSION = YES;
				CLANG_WARN_COMMA = YES;
				CLANG_WARN_CONSTANT_CONVERSION = YES;
				CLANG_WARN_DEPRECATED_OBJC_IMPLEMENTATIONS = YES;
				CLANG_WARN_DIRECT_OBJC_ISA_USAGE = YES_ERROR;
				CLANG_WARN_DOCUMENTATION_COMMENTS = YES;
				CLANG_WARN_EMPTY_BODY = YES;
				CLANG_WARN_ENUM_CONVERSION = YES;
				CLANG_WARN_INFINITE_RECURSION = YES;
				CLANG_WARN_INT_CONVERSION = YES;
				CLANG_WARN_NON_LITERAL_NULL_CONVERSION = YES;
				CLANG_WARN_OBJC_IMPLICIT_RETAIN_SELF = YES;
				CLANG_WARN_OBJC_LITERAL_CONVERSION = YES;
				CLANG_WARN_OBJC_ROOT_CLASS = YES_ERROR;
				CLANG_WARN_QUOTED_INCLUDE_IN_FRAMEWORK_HEADER = YES;
				CLANG_WARN_RANGE_LOOP_ANALYSIS = YES;
				CLANG_WARN_STRICT_PROTOTYPES = YES;
				CLANG_WARN_SUSPICIOUS_MOVE = YES;
				CLANG_WARN_UNGUARDED_AVAILABILITY = YES_AGGRESSIVE;
				CLANG_WARN_UNREACHABLE_CODE = YES;
				CLANG_WARN__DUPLICATE_METHOD_MATCH = YES;
				COPY_PHASE_STRIP = NO;
				DEBUG_INFORMATION_FORMAT = "dwarf-with-dsym";
				ENABLE_NS_ASSERTIONS = NO;
				ENABLE_STRICT_OBJC_MSGSEND = YES;
				GCC_C_LANGUAGE_STANDARD = gnu11;
				GCC_NO_COMMON_BLOCKS = YES;
				GCC_WARN_64_TO_32_BIT_CONVERSION = YES;
				GCC_WARN_ABOUT_RETURN_TYPE = YES_ERROR;
				GCC_WARN_UNDECLARED_SELECTOR = YES;
				GCC_WARN_UNINITIALIZED_AUTOS = YES_AGGRESSIVE;
				GCC_WARN_UNUSED_FUNCTION = YES;
				GCC_WARN_UNUSED_VARIABLE = YES;
				IPHONEOS_DEPLOYMENT_TARGET = 14.5;
				MTL_ENABLE_DEBUG_INFO = NO;
				MTL_FAST_MATH = YES;
				SDKROOT = iphoneos;
				SWIFT_COMPILATION_MODE = wholemodule;
				SWIFT_OPTIMIZATION_LEVEL = "-O";
				VALIDATE_PRODUCT = YES;
			};
			name = Release;
		};
		6372E37926CE78CC003CC2AC /* Debug */ = {
			isa = XCBuildConfiguration;
			buildSettings = {
				ASSETCATALOG_COMPILER_APPICON_NAME = AppIcon;
				ASSETCATALOG_COMPILER_GLOBAL_ACCENT_COLOR_NAME = AccentColor;
				CODE_SIGN_STYLE = Automatic;
				DEVELOPMENT_ASSET_PATHS = "\"Cocktails/Preview Content\"";
				DEVELOPMENT_TEAM = SP2P39A956;
				ENABLE_PREVIEWS = YES;
				INFOPLIST_FILE = Cocktails/Info.plist;
				IPHONEOS_DEPLOYMENT_TARGET = 14.0;
				LD_RUNPATH_SEARCH_PATHS = (
					"$(inherited)",
					"@executable_path/Frameworks",
				);
				PRODUCT_BUNDLE_IDENTIFIER = dunnedev.Cocktails;
				PRODUCT_NAME = "$(TARGET_NAME)";
				SWIFT_VERSION = 5.0;
				TARGETED_DEVICE_FAMILY = "1,2";
			};
			name = Debug;
		};
		6372E37A26CE78CC003CC2AC /* Release */ = {
			isa = XCBuildConfiguration;
			buildSettings = {
				ASSETCATALOG_COMPILER_APPICON_NAME = AppIcon;
				ASSETCATALOG_COMPILER_GLOBAL_ACCENT_COLOR_NAME = AccentColor;
				CODE_SIGN_STYLE = Automatic;
				DEVELOPMENT_ASSET_PATHS = "\"Cocktails/Preview Content\"";
				DEVELOPMENT_TEAM = SP2P39A956;
				ENABLE_PREVIEWS = YES;
				INFOPLIST_FILE = Cocktails/Info.plist;
				IPHONEOS_DEPLOYMENT_TARGET = 14.0;
				LD_RUNPATH_SEARCH_PATHS = (
					"$(inherited)",
					"@executable_path/Frameworks",
				);
				PRODUCT_BUNDLE_IDENTIFIER = dunnedev.Cocktails;
				PRODUCT_NAME = "$(TARGET_NAME)";
				SWIFT_VERSION = 5.0;
				TARGETED_DEVICE_FAMILY = "1,2";
			};
			name = Release;
		};
/* End XCBuildConfiguration section */

/* Begin XCConfigurationList section */
		6372E36426CE78CB003CC2AC /* Build configuration list for PBXProject "Cocktails" */ = {
			isa = XCConfigurationList;
			buildConfigurations = (
				6372E37626CE78CC003CC2AC /* Debug */,
				6372E37726CE78CC003CC2AC /* Release */,
			);
			defaultConfigurationIsVisible = 0;
			defaultConfigurationName = Release;
		};
		6372E37826CE78CC003CC2AC /* Build configuration list for PBXNativeTarget "Cocktails" */ = {
			isa = XCConfigurationList;
			buildConfigurations = (
				6372E37926CE78CC003CC2AC /* Debug */,
				6372E37A26CE78CC003CC2AC /* Release */,
			);
			defaultConfigurationIsVisible = 0;
			defaultConfigurationName = Release;
		};
/* End XCConfigurationList section */

/* Begin XCRemoteSwiftPackageReference section */
		631B99FB26CF16EE00D72DCA /* XCRemoteSwiftPackageReference "SwURL" */ = {
			isa = XCRemoteSwiftPackageReference;
			repositoryURL = "https://github.com/cmtrounce/SwURL";
			requirement = {
				kind = exactVersion;
				version = 0.4.0;
			};
		};
/* End XCRemoteSwiftPackageReference section */

/* Begin XCSwiftPackageProductDependency section */
		631B99FC26CF16EE00D72DCA /* SwURL */ = {
			isa = XCSwiftPackageProductDependency;
			package = 631B99FB26CF16EE00D72DCA /* XCRemoteSwiftPackageReference "SwURL" */;
			productName = SwURL;
		};
/* End XCSwiftPackageProductDependency section */
	};
	rootObject = 6372E36126CE78CB003CC2AC /* Project object */;
}
